
Microsoft Visual Studio Solution File, Format Version 12.00
# Visual Studio Version 16
VisualStudioVersion = 16.0.31205.134
MinimumVisualStudioVersion = 10.0.40219.1
Project("{FAE04EC0-301F-11D3-BF4B-00C04F79EFBC}") = "TwitterSearchScraper", "TwitterSearchScraper\TwitterSearchScraper.csproj", "{A46F179E-1E1B-4F74-9FD3-4ECBBDEAEDCF}"
EndProject
Global
	GlobalSection(SolutionConfigurationPlatforms) = preSolution
		Debug|Any CPU = Debug|Any CPU
		Release|Any CPU = Release|Any CPU
	EndGlobalSection
	GlobalSection(ProjectConfigurationPlatforms) = postSolution
		{A46F179E-1E1B-4F74-9FD3-4ECBBDEAEDCF}.Debug|Any CPU.ActiveCfg = Debug|Any CPU
		{A46F179E-1E1B-4F74-9FD3-4ECBBDEAEDCF}.Debug|Any CPU.Build.0 = Debug|Any CPU
		{A46F179E-1E1B-4F74-9FD3-4ECBBDEAEDCF}.Release|Any CPU.ActiveCfg = Release|Any CPU
		{A46F179E-1E1B-4F74-9FD3-4ECBBDEAEDCF}.Release|Any CPU.Build.0 = Release|Any CPU
	EndGlobalSection
	GlobalSection(SolutionProperties) = preSolution
		HideSolutionNode = FALSE
	EndGlobalSection
	GlobalSection(ExtensibilityGlobals) = postSolution
		SolutionGuid = {AA09A5F5-9BB3-4B46-AEAF-5B936791D527}
	EndGlobalSection
EndGlobal
